// !$*UTF8*$!
{
	archiveVersion = 1;
	classes = {
	};
	objectVersion = 54;
	objects = {

/* Begin PBXAggregateTarget section */
		359309F076E04EE0A709C830 /* ZERO_CHECK */ = {
			isa = PBXAggregateTarget;
			buildConfigurationList = B51B58892576437F9D0E0132 /* Build configuration list for PBXAggregateTarget "ZERO_CHECK" */;
			buildPhases = (
				482848D26335FEF1E6EE3FC4 /* Generate CMakeFiles/ZERO_CHECK */,
			);
			dependencies = (
			);
			name = ZERO_CHECK;
			productName = ZERO_CHECK;
		};
		F289C6F019BA4F71805F3E8D /* ALL_BUILD */ = {
			isa = PBXAggregateTarget;
			buildConfigurationList = 0A54F8A807B942948EE0F757 /* Build configuration list for PBXAggregateTarget "ALL_BUILD" */;
			buildPhases = (
				CE71BED6B5A91060E30E5CC0 /* Generate CMakeFiles/ALL_BUILD */,
			);
			dependencies = (
				AB9CDF619E54461E8514BCFC /* PBXTargetDependency */,
				4A308B552D65489FA5563DDA /* PBXTargetDependency */,
			);
			name = ALL_BUILD;
			productName = ALL_BUILD;
		};
/* End PBXAggregateTarget section */

/* Begin PBXBuildFile section */
		0AEC797E14214DE9B2D376A3 /* demo.c in Sources */ = {isa = PBXBuildFile; fileRef = 2BE474580CCB4D85BA657929 /* demo.c */; };
		0E5C525737794B00B4298299 /* init.c in Sources */ = {isa = PBXBuildFile; fileRef = D9B1AEC67C564D53851B78AB /* init.c */; };
		1E57989D04B6470DA8F8F16F /* graphx.c in Sources */ = {isa = PBXBuildFile; fileRef = 00051ED1A89C4AE4B70C1F21 /* graphx.c */; };
		3E25B3115FC6408A877CB5E0 /* oldlab3d.c in Sources */ = {isa = PBXBuildFile; fileRef = EF567FBA728749779DC205E9 /* oldlab3d.c */; };
		6608B87DDA4949838D02F897 /* subs.c in Sources */ = {isa = PBXBuildFile; fileRef = 8E5BECFB990F4440BF74247C /* subs.c */; };
		73D7FDE0FEA543B785032446 /* adlibemu.c in Sources */ = {isa = PBXBuildFile; fileRef = E023D3C01EF94861857A6DEE /* adlibemu.c */; };
		B6951D367C13471B85DAE2AB /* launcher.c in Sources */ = {isa = PBXBuildFile; fileRef = E8E22F12828D4E1BBE46EEB9 /* launcher.c */; };
		C3DD93F0591C4000822FE4AE /* lab3d.c in Sources */ = {isa = PBXBuildFile; fileRef = B474EAF8599444A8AFF16DF5 /* lab3d.c */; };
		E2C235C8CC57427E87DC42A8 /* setup.c in Sources */ = {isa = PBXBuildFile; fileRef = 8D8DCB5CEFC7484D915FE4BD /* setup.c */; };
/* End PBXBuildFile section */

/* Begin PBXContainerItemProxy section */
		5686CDB191FE447F9B2A269A /* PBXContainerItemProxy */ = {
			isa = PBXContainerItemProxy;
			containerPortal = 0FD94F10E4C04365AF3102D6 /* Project object */;
			proxyType = 1;
			remoteGlobalIDString = 359309F076E04EE0A709C830;
			remoteInfo = ZERO_CHECK;
		};
		7D86DB73A77F407FA94B5894 /* PBXContainerItemProxy */ = {
			isa = PBXContainerItemProxy;
			containerPortal = 0FD94F10E4C04365AF3102D6 /* Project object */;
			proxyType = 1;
			remoteGlobalIDString = 359309F076E04EE0A709C830;
			remoteInfo = ZERO_CHECK;
		};
		9E5EC53DE12D4FC09ACA8FAB /* PBXContainerItemProxy */ = {
			isa = PBXContainerItemProxy;
			containerPortal = 0FD94F10E4C04365AF3102D6 /* Project object */;
			proxyType = 1;
			remoteGlobalIDString = 6DFF8932D8014F3991883DB2;
			remoteInfo = "Kens-Labyrinth";
		};
/* End PBXContainerItemProxy section */

/* Begin PBXFileReference section */
		00051ED1A89C4AE4B70C1F21 /* graphx.c */ = {isa = PBXFileReference; explicitFileType = sourcecode.c.c; fileEncoding = 4; name = graphx.c; path = src/graphx.c; sourceTree = SOURCE_ROOT; };
		00CAE032696B4686BF23E44F /* CoreFoundation.framework */ = {isa = PBXFileReference; fileEncoding = 4; lastKnownFileType = wrapper.framework; name = CoreFoundation.framework; path = /Applications/Xcode.app/Contents/Developer/Platforms/MacOSX.platform/Developer/SDKs/MacOSX13.3.sdk/System/Library/Frameworks/CoreFoundation.framework; sourceTree = "<absolute>"; };
		118D68F34E5B4DFC84ADBE9F /* CMakeLists.txt */ = {isa = PBXFileReference; explicitFileType = sourcecode.text; fileEncoding = 4; lastKnownFileType = text; path = CMakeLists.txt; sourceTree = SOURCE_ROOT; };
		1A4B5270C1B84B2494C4A178 /* adlibemu.h */ = {isa = PBXFileReference; explicitFileType = sourcecode.c.h; fileEncoding = 4; name = adlibemu.h; path = include/adlibemu.h; sourceTree = SOURCE_ROOT; };
		2BE474580CCB4D85BA657929 /* demo.c */ = {isa = PBXFileReference; explicitFileType = sourcecode.c.c; fileEncoding = 4; name = demo.c; path = src/demo.c; sourceTree = SOURCE_ROOT; };
		3BB0D37272A3433F90DBEB82 /* lab3d.h */ = {isa = PBXFileReference; explicitFileType = sourcecode.c.h; fileEncoding = 4; name = lab3d.h; path = include/lab3d.h; sourceTree = SOURCE_ROOT; };
		8D8DCB5CEFC7484D915FE4BD /* setup.c */ = {isa = PBXFileReference; explicitFileType = sourcecode.c.c; fileEncoding = 4; name = setup.c; path = src/setup.c; sourceTree = SOURCE_ROOT; };
		8E5BECFB990F4440BF74247C /* subs.c */ = {isa = PBXFileReference; explicitFileType = sourcecode.c.c; fileEncoding = 4; name = subs.c; path = src/subs.c; sourceTree = SOURCE_ROOT; };
		96FA22133F8049FBB0DA4CE0 /* Info.plist */ = {isa = PBXFileReference; explicitFileType = sourcecode.text.plist; fileEncoding = 4; lastKnownFileType = text.plist.xml; name = Info.plist; path = "build/CMakeFiles/Kens-Labyrinth.dir/Info.plist"; sourceTree = SOURCE_ROOT; };
		A29A0E8EDFEE4C19A09960C3 /* ken.rc */ = {isa = PBXFileReference; explicitFileType = sourcecode; fileEncoding = 4; path = ken.rc; sourceTree = SOURCE_ROOT; };
		AFE8C81D782C4DC9B269B93B /* OpenGL.framework */ = {isa = PBXFileReference; fileEncoding = 4; lastKnownFileType = wrapper.framework; name = OpenGL.framework; path = /Applications/Xcode.app/Contents/Developer/Platforms/MacOSX.platform/Developer/SDKs/MacOSX13.3.sdk/System/Library/Frameworks/OpenGL.framework; sourceTree = "<absolute>"; };
		B474EAF8599444A8AFF16DF5 /* lab3d.c */ = {isa = PBXFileReference; explicitFileType = sourcecode.c.c; fileEncoding = 4; name = lab3d.c; path = src/lab3d.c; sourceTree = SOURCE_ROOT; };
		CF253D934E66412EB413665E /* buildconfig.h */ = {isa = PBXFileReference; explicitFileType = sourcecode.c.h; fileEncoding = 4; name = buildconfig.h; path = include/buildconfig.h; sourceTree = SOURCE_ROOT; };
		D9B1AEC67C564D53851B78AB /* init.c */ = {isa = PBXFileReference; explicitFileType = sourcecode.c.c; fileEncoding = 4; name = init.c; path = src/init.c; sourceTree = SOURCE_ROOT; };
		E023D3C01EF94861857A6DEE /* adlibemu.c */ = {isa = PBXFileReference; explicitFileType = sourcecode.c.c; fileEncoding = 4; name = adlibemu.c; path = src/adlibemu.c; sourceTree = SOURCE_ROOT; };
		E1A5CF48014B470DB1B13AD6 /* demo.h */ = {isa = PBXFileReference; explicitFileType = sourcecode.c.h; fileEncoding = 4; name = demo.h; path = include/demo.h; sourceTree = SOURCE_ROOT; };
		E1BB78F4357544D494291312 /* CMakeLists.txt */ = {isa = PBXFileReference; explicitFileType = sourcecode.text; fileEncoding = 4; lastKnownFileType = text; path = CMakeLists.txt; sourceTree = SOURCE_ROOT; };
		E8E22F12828D4E1BBE46EEB9 /* launcher.c */ = {isa = PBXFileReference; explicitFileType = sourcecode.c.c; fileEncoding = 4; name = launcher.c; path = src/launcher.c; sourceTree = SOURCE_ROOT; };
		EF567FBA728749779DC205E9 /* oldlab3d.c */ = {isa = PBXFileReference; explicitFileType = sourcecode.c.c; fileEncoding = 4; name = oldlab3d.c; path = src/oldlab3d.c; sourceTree = SOURCE_ROOT; };
		F42BFCF6ED1C4C50A953FA09 /* Kens-Labyrinth.app */ = {isa = PBXFileReference; explicitFileType = wrapper.application; path = "Kens-Labyrinth.app"; sourceTree = BUILT_PRODUCTS_DIR; };
/* End PBXFileReference section */

/* Begin PBXFrameworksBuildPhase section */
		EE5EED5CAD5943BEA3E8D2A5 /* Frameworks */ = {
			isa = PBXFrameworksBuildPhase;
			buildActionMask = 2147483647;
			files = (
			);
			runOnlyForDeploymentPostprocessing = 0;
		};
/* End PBXFrameworksBuildPhase section */

/* Begin PBXGroup section */
		256D5B0DA6E941ED9D7BE7C4 /* Kens-Labyrinth */ = {
			isa = PBXGroup;
			children = (
				AD384C9C52C349E79D226E1E /* Header Files */,
				95F3E0F7D9D543A99AB28F37 /* Source Files */,
				5F7FDB64FD0046808318FBB9 /* Resources */,
				E1BB78F4357544D494291312 /* CMakeLists.txt */,
			);
			name = "Kens-Labyrinth";
			sourceTree = "<group>";
		};
		467E741C4D204A2FB361E6C9 /* ALL_BUILD */ = {
			isa = PBXGroup;
			children = (
				CE22C9019BBF4131826CD004 /* CMake Rules */,
				118D68F34E5B4DFC84ADBE9F /* CMakeLists.txt */,
			);
			name = ALL_BUILD;
			sourceTree = "<group>";
		};
		5F7FDB64FD0046808318FBB9 /* Resources */ = {
			isa = PBXGroup;
			children = (
				96FA22133F8049FBB0DA4CE0 /* Info.plist */,
			);
			name = Resources;
			sourceTree = "<group>";
		};
		95F3E0F7D9D543A99AB28F37 /* Source Files */ = {
			isa = PBXGroup;
			children = (
				A29A0E8EDFEE4C19A09960C3 /* ken.rc */,
				E023D3C01EF94861857A6DEE /* adlibemu.c */,
				2BE474580CCB4D85BA657929 /* demo.c */,
				00051ED1A89C4AE4B70C1F21 /* graphx.c */,
				D9B1AEC67C564D53851B78AB /* init.c */,
				B474EAF8599444A8AFF16DF5 /* lab3d.c */,
				E8E22F12828D4E1BBE46EEB9 /* launcher.c */,
				EF567FBA728749779DC205E9 /* oldlab3d.c */,
				8D8DCB5CEFC7484D915FE4BD /* setup.c */,
				8E5BECFB990F4440BF74247C /* subs.c */,
			);
			name = "Source Files";
			sourceTree = "<group>";
		};
		AD384C9C52C349E79D226E1E /* Header Files */ = {
			isa = PBXGroup;
			children = (
				1A4B5270C1B84B2494C4A178 /* adlibemu.h */,
				CF253D934E66412EB413665E /* buildconfig.h */,
				E1A5CF48014B470DB1B13AD6 /* demo.h */,
				3BB0D37272A3433F90DBEB82 /* lab3d.h */,
			);
			name = "Header Files";
			sourceTree = "<group>";
		};
		B878475F94894D3FAAA09CDC /* Products */ = {
			isa = PBXGroup;
			children = (
				F42BFCF6ED1C4C50A953FA09 /* Kens-Labyrinth.app */,
			);
			name = Products;
			sourceTree = "<group>";
		};
		C58E64DE2CE041E9966B7875 = {
			isa = PBXGroup;
			children = (
				256D5B0DA6E941ED9D7BE7C4 /* Kens-Labyrinth */,
				467E741C4D204A2FB361E6C9 /* ALL_BUILD */,
				B878475F94894D3FAAA09CDC /* Products */,
				D769D57DA3EA43D4B3917128 /* Frameworks */,
			);
			sourceTree = "<group>";
		};
		CE22C9019BBF4131826CD004 /* CMake Rules */ = {
			isa = PBXGroup;
			children = (
			);
			name = "CMake Rules";
			sourceTree = "<group>";
		};
		D769D57DA3EA43D4B3917128 /* Frameworks */ = {
			isa = PBXGroup;
			children = (
				AFE8C81D782C4DC9B269B93B /* OpenGL.framework */,
				00CAE032696B4686BF23E44F /* CoreFoundation.framework */,
			);
			name = Frameworks;
			sourceTree = "<group>";
		};
/* End PBXGroup section */

/* Begin PBXNativeTarget section */
		6DFF8932D8014F3991883DB2 /* Kens-Labyrinth */ = {
			isa = PBXNativeTarget;
			buildConfigurationList = 9DB21A5EDA2B48DD8D4B321A /* Build configuration list for PBXNativeTarget "Kens-Labyrinth" */;
			buildPhases = (
				2CFAFB5CABAD4741BEAF3D4C /* Sources */,
				EE5EED5CAD5943BEA3E8D2A5 /* Frameworks */,
			);
			buildRules = (
			);
			dependencies = (
				2C2FE791EC3D4C148E0CDFD5 /* PBXTargetDependency */,
			);
			name = "Kens-Labyrinth";
			productName = "Kens-Labyrinth";
			productReference = F42BFCF6ED1C4C50A953FA09 /* Kens-Labyrinth.app */;
			productType = "com.apple.product-type.application";
		};
/* End PBXNativeTarget section */

/* Begin PBXProject section */
		0FD94F10E4C04365AF3102D6 /* Project object */ = {
			isa = PBXProject;
			attributes = {
				LastUpgradeCheck = 1430;
			};
			buildConfigurationList = CAA44DFBA51149B1914824A5 /* Build configuration list for PBXProject "lab3d-sdl" */;
			compatibilityVersion = "Xcode 3.2";
			developmentRegion = en;
			hasScannedForEncodings = 0;
			knownRegions = (
				en,
				Base,
			);
			mainGroup = C58E64DE2CE041E9966B7875;
			projectDirPath = "/Volumes/repos/lab3d-sdl";
			projectRoot = "";
			targets = (
				F289C6F019BA4F71805F3E8D /* ALL_BUILD */,
				6DFF8932D8014F3991883DB2 /* Kens-Labyrinth */,
				359309F076E04EE0A709C830 /* ZERO_CHECK */,
			);
		};
/* End PBXProject section */

/* Begin PBXShellScriptBuildPhase section */
		482848D26335FEF1E6EE3FC4 /* Generate CMakeFiles/ZERO_CHECK */ = {
			isa = PBXShellScriptBuildPhase;
			alwaysOutOfDate = 1;
			buildActionMask = 2147483647;
			files = (
			);
			inputPaths = (
			);
			name = "Generate CMakeFiles/ZERO_CHECK";
			outputPaths = (
				"/Volumes/repos/lab3d-sdl/build/CMakeFiles/ZERO_CHECK",
			);
			runOnlyForDeploymentPostprocessing = 0;
			shellPath = /bin/sh;
			shellScript = "set -e\nif test \"$CONFIGURATION\" = \"Debug\"; then :\n  cd /Volumes/repos/lab3d-sdl/build\n  make -f /Volumes/repos/lab3d-sdl/build/CMakeScripts/ReRunCMake.make\nfi\nif test \"$CONFIGURATION\" = \"Release\"; then :\n  cd /Volumes/repos/lab3d-sdl/build\n  make -f /Volumes/repos/lab3d-sdl/build/CMakeScripts/ReRunCMake.make\nfi\nif test \"$CONFIGURATION\" = \"MinSizeRel\"; then :\n  cd /Volumes/repos/lab3d-sdl/build\n  make -f /Volumes/repos/lab3d-sdl/build/CMakeScripts/ReRunCMake.make\nfi\nif test \"$CONFIGURATION\" = \"RelWithDebInfo\"; then :\n  cd /Volumes/repos/lab3d-sdl/build\n  make -f /Volumes/repos/lab3d-sdl/build/CMakeScripts/ReRunCMake.make\nfi\n";
			showEnvVarsInLog = 0;
		};
		CE71BED6B5A91060E30E5CC0 /* Generate CMakeFiles/ALL_BUILD */ = {
			isa = PBXShellScriptBuildPhase;
			alwaysOutOfDate = 1;
			buildActionMask = 2147483647;
			files = (
			);
			inputPaths = (
			);
			name = "Generate CMakeFiles/ALL_BUILD";
			outputPaths = (
				"/Volumes/repos/lab3d-sdl/build/CMakeFiles/ALL_BUILD",
			);
			runOnlyForDeploymentPostprocessing = 0;
			shellPath = /bin/sh;
			shellScript = "set -e\nif test \"$CONFIGURATION\" = \"Debug\"; then :\n  cd /Volumes/repos/lab3d-sdl/build\n  echo Build\\ all\\ projects\nfi\nif test \"$CONFIGURATION\" = \"Release\"; then :\n  cd /Volumes/repos/lab3d-sdl/build\n  echo Build\\ all\\ projects\nfi\nif test \"$CONFIGURATION\" = \"MinSizeRel\"; then :\n  cd /Volumes/repos/lab3d-sdl/build\n  echo Build\\ all\\ projects\nfi\nif test \"$CONFIGURATION\" = \"RelWithDebInfo\"; then :\n  cd /Volumes/repos/lab3d-sdl/build\n  echo Build\\ all\\ projects\nfi\n";
			showEnvVarsInLog = 0;
		};
/* End PBXShellScriptBuildPhase section */

/* Begin PBXSourcesBuildPhase section */
		2CFAFB5CABAD4741BEAF3D4C /* Sources */ = {
			isa = PBXSourcesBuildPhase;
			buildActionMask = 2147483647;
			files = (
				73D7FDE0FEA543B785032446 /* adlibemu.c in Sources */,
				0AEC797E14214DE9B2D376A3 /* demo.c in Sources */,
				1E57989D04B6470DA8F8F16F /* graphx.c in Sources */,
				0E5C525737794B00B4298299 /* init.c in Sources */,
				C3DD93F0591C4000822FE4AE /* lab3d.c in Sources */,
				B6951D367C13471B85DAE2AB /* launcher.c in Sources */,
				3E25B3115FC6408A877CB5E0 /* oldlab3d.c in Sources */,
				E2C235C8CC57427E87DC42A8 /* setup.c in Sources */,
				6608B87DDA4949838D02F897 /* subs.c in Sources */,
			);
			runOnlyForDeploymentPostprocessing = 0;
		};
/* End PBXSourcesBuildPhase section */

/* Begin PBXTargetDependency section */
		2C2FE791EC3D4C148E0CDFD5 /* PBXTargetDependency */ = {
			isa = PBXTargetDependency;
			target = 359309F076E04EE0A709C830 /* ZERO_CHECK */;
			targetProxy = 7D86DB73A77F407FA94B5894 /* PBXContainerItemProxy */;
		};
		4A308B552D65489FA5563DDA /* PBXTargetDependency */ = {
			isa = PBXTargetDependency;
			target = 359309F076E04EE0A709C830 /* ZERO_CHECK */;
			targetProxy = 5686CDB191FE447F9B2A269A /* PBXContainerItemProxy */;
		};
		AB9CDF619E54461E8514BCFC /* PBXTargetDependency */ = {
			isa = PBXTargetDependency;
			target = 6DFF8932D8014F3991883DB2 /* Kens-Labyrinth */;
			targetProxy = 9E5EC53DE12D4FC09ACA8FAB /* PBXContainerItemProxy */;
		};
/* End PBXTargetDependency section */

/* Begin XCBuildConfiguration section */
		2018025B729F4F6784DB0C72 /* RelWithDebInfo */ = {
			isa = XCBuildConfiguration;
			buildSettings = {
				ALWAYS_SEARCH_USER_PATHS = NO;
				ARCHS = arm64;
				COMBINE_HIDPI_IMAGES = YES;
				CONFIGURATION_BUILD_DIR = "/Volumes/repos/lab3d-sdl/build/RelWithDebInfo";
				EXECUTABLE_PREFIX = "";
				EXECUTABLE_SUFFIX = "";
				GCC_GENERATE_DEBUGGING_SYMBOLS = YES;
				GCC_INLINES_ARE_PRIVATE_EXTERN = NO;
				GCC_OPTIMIZATION_LEVEL = 2;
				GCC_PREPROCESSOR_DEFINITIONS = (
					"'CMAKE_INTDIR=\"$(CONFIGURATION)$(EFFECTIVE_PLATFORM_NAME)\"'",
					KEN_64BIT,
					"$(inherited)",
				);
				GCC_SYMBOLS_PRIVATE_EXTERN = NO;
				HEADER_SEARCH_PATHS = (
					"/Volumes/repos/lab3d-sdl/include",
					"/Volumes/repos/lab3d-sdl/src",
					"/Volumes/repos/lab3d-sdl/external/SDL2/include",
					"/Volumes/repos/lab3d-sdl/external/SDL2_image/include",
					"/Volumes/repos/lab3d-sdl/external/zlib/include",
					/opt/X11/include,
					"$(inherited)",
				);
				INFOPLIST_FILE = "/Volumes/repos/lab3d-sdl/build/CMakeFiles/Kens-Labyrinth.dir/Info.plist";
				INSTALL_PATH = "";
				ONLY_ACTIVE_ARCH = NO;
				OTHER_CFLAGS = (
					"-DNDEBUG",
					"$(inherited)",
				);
				OTHER_LDFLAGS = (
					"-Wl,-search_paths_first",
					"-Wl,-headerpad_max_install_names",
					"-Xlinker",
					"-framework",
					"-Xlinker",
					OpenGL,
					"-Xlinker",
					"-framework",
					"-Xlinker",
					OpenGL,
					/opt/homebrew/lib/libSDL2.dylib,
					/opt/homebrew/lib/libSDL2_image.dylib,
					/Applications/Xcode.app/Contents/Developer/Platforms/MacOSX.platform/Developer/SDKs/MacOSX13.3.sdk/usr/lib/libz.tbd,
					"-Xlinker",
					"-framework",
					"-Xlinker",
					CoreFoundation,
					"$(inherited)",
				);
				OTHER_REZFLAGS = "";
				PRODUCT_NAME = "Kens-Labyrinth";
				SECTORDER_FLAGS = "";
				TARGET_TEMP_DIR = "/Volumes/repos/lab3d-sdl/build/build/Kens-Labyrinth.build/$(CONFIGURATION)$(EFFECTIVE_PLATFORM_NAME)";
				USE_HEADERMAP = NO;
				WARNING_CFLAGS = "$(inherited)";
			};
			name = RelWithDebInfo;
		};
		21B3817E83494E21ACCDED51 /* Debug */ = {
			isa = XCBuildConfiguration;
			buildSettings = {
				ARCHS = arm64;
				SDKROOT = /Applications/Xcode.app/Contents/Developer/Platforms/MacOSX.platform/Developer/SDKs/MacOSX13.3.sdk;
				SYMROOT = "/Volumes/repos/lab3d-sdl/build/build";
			};
			name = Debug;
		};
		3CF3F7CE8D2A4DBCAC2DFB2D /* Release */ = {
			isa = XCBuildConfiguration;
			buildSettings = {
				ALWAYS_SEARCH_USER_PATHS = NO;
				ARCHS = arm64;
				COMBINE_HIDPI_IMAGES = YES;
				GCC_GENERATE_DEBUGGING_SYMBOLS = YES;
				GCC_INLINES_ARE_PRIVATE_EXTERN = NO;
				GCC_OPTIMIZATION_LEVEL = 0;
				GCC_PREPROCESSOR_DEFINITIONS = (
					"'CMAKE_INTDIR=\"$(CONFIGURATION)$(EFFECTIVE_PLATFORM_NAME)\"'",
					"$(inherited)",
				);
				GCC_SYMBOLS_PRIVATE_EXTERN = NO;
				INSTALL_PATH = "";
				ONLY_ACTIVE_ARCH = NO;
				OTHER_LDFLAGS = " $(inherited)";
				OTHER_REZFLAGS = "";
				PRODUCT_NAME = ZERO_CHECK;
				SECTORDER_FLAGS = "";
				USE_HEADERMAP = NO;
				WARNING_CFLAGS = "$(inherited)";
			};
			name = Release;
		};
		3D4599AE38EB484F9E47072B /* Debug */ = {
			isa = XCBuildConfiguration;
			buildSettings = {
				ALWAYS_SEARCH_USER_PATHS = NO;
				ARCHS = arm64;
				COMBINE_HIDPI_IMAGES = YES;
				GCC_GENERATE_DEBUGGING_SYMBOLS = YES;
				GCC_INLINES_ARE_PRIVATE_EXTERN = NO;
				GCC_OPTIMIZATION_LEVEL = 0;
				GCC_PREPROCESSOR_DEFINITIONS = (
					"'CMAKE_INTDIR=\"$(CONFIGURATION)$(EFFECTIVE_PLATFORM_NAME)\"'",
					"$(inherited)",
				);
				GCC_SYMBOLS_PRIVATE_EXTERN = NO;
				INSTALL_PATH = "";
				ONLY_ACTIVE_ARCH = NO;
				OTHER_LDFLAGS = " $(inherited)";
				OTHER_REZFLAGS = "";
				PRODUCT_NAME = ALL_BUILD;
				SECTORDER_FLAGS = "";
				USE_HEADERMAP = NO;
				WARNING_CFLAGS = "$(inherited)";
			};
			name = Debug;
		};
		457899C6215B4F8D96E1AEC4 /* Release */ = {
			isa = XCBuildConfiguration;
			buildSettings = {
				ALWAYS_SEARCH_USER_PATHS = NO;
				ARCHS = arm64;
				COMBINE_HIDPI_IMAGES = YES;
				CONFIGURATION_BUILD_DIR = "/Volumes/repos/lab3d-sdl/build/Release";
				EXECUTABLE_PREFIX = "";
				EXECUTABLE_SUFFIX = "";
				GCC_GENERATE_DEBUGGING_SYMBOLS = NO;
				GCC_INLINES_ARE_PRIVATE_EXTERN = NO;
				GCC_OPTIMIZATION_LEVEL = 3;
				GCC_PREPROCESSOR_DEFINITIONS = (
					"'CMAKE_INTDIR=\"$(CONFIGURATION)$(EFFECTIVE_PLATFORM_NAME)\"'",
					KEN_64BIT,
					"$(inherited)",
				);
				GCC_SYMBOLS_PRIVATE_EXTERN = NO;
				HEADER_SEARCH_PATHS = (
					"/Volumes/repos/lab3d-sdl/include",
					"/Volumes/repos/lab3d-sdl/src",
					"/Volumes/repos/lab3d-sdl/external/SDL2/include",
					"/Volumes/repos/lab3d-sdl/external/SDL2_image/include",
					"/Volumes/repos/lab3d-sdl/external/zlib/include",
					/opt/X11/include,
					"$(inherited)",
				);
				INFOPLIST_FILE = "/Volumes/repos/lab3d-sdl/build/CMakeFiles/Kens-Labyrinth.dir/Info.plist";
				INSTALL_PATH = "";
				ONLY_ACTIVE_ARCH = NO;
				OTHER_CFLAGS = (
					"-DNDEBUG",
					"$(inherited)",
				);
				OTHER_LDFLAGS = (
					"-Wl,-search_paths_first",
					"-Wl,-headerpad_max_install_names",
					"-Xlinker",
					"-framework",
					"-Xlinker",
					OpenGL,
					"-Xlinker",
					"-framework",
					"-Xlinker",
					OpenGL,
					/opt/homebrew/lib/libSDL2.dylib,
					/opt/homebrew/lib/libSDL2_image.dylib,
					/Applications/Xcode.app/Contents/Developer/Platforms/MacOSX.platform/Developer/SDKs/MacOSX13.3.sdk/usr/lib/libz.tbd,
					"-Xlinker",
					"-framework",
					"-Xlinker",
					CoreFoundation,
					"$(inherited)",
				);
				OTHER_REZFLAGS = "";
				PRODUCT_NAME = "Kens-Labyrinth";
				SECTORDER_FLAGS = "";
				TARGET_TEMP_DIR = "/Volumes/repos/lab3d-sdl/build/build/Kens-Labyrinth.build/$(CONFIGURATION)$(EFFECTIVE_PLATFORM_NAME)";
				USE_HEADERMAP = NO;
				WARNING_CFLAGS = "$(inherited)";
			};
			name = Release;
		};
		4643B554CA4A4F998CF9CBAF /* MinSizeRel */ = {
			isa = XCBuildConfiguration;
			buildSettings = {
				ARCHS = arm64;
				SDKROOT = /Applications/Xcode.app/Contents/Developer/Platforms/MacOSX.platform/Developer/SDKs/MacOSX13.3.sdk;
				SWIFT_COMPILATION_MODE = wholemodule;
				SYMROOT = "/Volumes/repos/lab3d-sdl/build/build";
			};
			name = MinSizeRel;
		};
		4FE665DE1982420D822AA9C1 /* Release */ = {
			isa = XCBuildConfiguration;
			buildSettings = {
				ALWAYS_SEARCH_USER_PATHS = NO;
				ARCHS = arm64;
				COMBINE_HIDPI_IMAGES = YES;
				GCC_GENERATE_DEBUGGING_SYMBOLS = YES;
				GCC_INLINES_ARE_PRIVATE_EXTERN = NO;
				GCC_OPTIMIZATION_LEVEL = 0;
				GCC_PREPROCESSOR_DEFINITIONS = (
					"'CMAKE_INTDIR=\"$(CONFIGURATION)$(EFFECTIVE_PLATFORM_NAME)\"'",
					"$(inherited)",
				);
				GCC_SYMBOLS_PRIVATE_EXTERN = NO;
				INSTALL_PATH = "";
				ONLY_ACTIVE_ARCH = NO;
				OTHER_LDFLAGS = " $(inherited)";
				OTHER_REZFLAGS = "";
				PRODUCT_NAME = ALL_BUILD;
				SECTORDER_FLAGS = "";
				USE_HEADERMAP = NO;
				WARNING_CFLAGS = "$(inherited)";
			};
			name = Release;
		};
		529CC779E508459CB82AF320 /* RelWithDebInfo */ = {
			isa = XCBuildConfiguration;
			buildSettings = {
				ALWAYS_SEARCH_USER_PATHS = NO;
				ARCHS = arm64;
				COMBINE_HIDPI_IMAGES = YES;
				GCC_GENERATE_DEBUGGING_SYMBOLS = YES;
				GCC_INLINES_ARE_PRIVATE_EXTERN = NO;
				GCC_OPTIMIZATION_LEVEL = 0;
				GCC_PREPROCESSOR_DEFINITIONS = (
					"'CMAKE_INTDIR=\"$(CONFIGURATION)$(EFFECTIVE_PLATFORM_NAME)\"'",
					"$(inherited)",
				);
				GCC_SYMBOLS_PRIVATE_EXTERN = NO;
				INSTALL_PATH = "";
				ONLY_ACTIVE_ARCH = NO;
				OTHER_LDFLAGS = " $(inherited)";
				OTHER_REZFLAGS = "";
				PRODUCT_NAME = ZERO_CHECK;
				SECTORDER_FLAGS = "";
				USE_HEADERMAP = NO;
				WARNING_CFLAGS = "$(inherited)";
			};
			name = RelWithDebInfo;
		};
		5D28034C56074568AD6EFC88 /* MinSizeRel */ = {
			isa = XCBuildConfiguration;
			buildSettings = {
				ALWAYS_SEARCH_USER_PATHS = NO;
				ARCHS = arm64;
				COMBINE_HIDPI_IMAGES = YES;
				CONFIGURATION_BUILD_DIR = "/Volumes/repos/lab3d-sdl/build/MinSizeRel";
				EXECUTABLE_PREFIX = "";
				EXECUTABLE_SUFFIX = "";
				GCC_GENERATE_DEBUGGING_SYMBOLS = NO;
				GCC_INLINES_ARE_PRIVATE_EXTERN = NO;
				GCC_OPTIMIZATION_LEVEL = s;
				GCC_PREPROCESSOR_DEFINITIONS = (
					"'CMAKE_INTDIR=\"$(CONFIGURATION)$(EFFECTIVE_PLATFORM_NAME)\"'",
					KEN_64BIT,
					"$(inherited)",
				);
				GCC_SYMBOLS_PRIVATE_EXTERN = NO;
				HEADER_SEARCH_PATHS = (
					"/Volumes/repos/lab3d-sdl/include",
					"/Volumes/repos/lab3d-sdl/src",
					"/Volumes/repos/lab3d-sdl/external/SDL2/include",
					"/Volumes/repos/lab3d-sdl/external/SDL2_image/include",
					"/Volumes/repos/lab3d-sdl/external/zlib/include",
					/opt/X11/include,
					"$(inherited)",
				);
				INFOPLIST_FILE = "/Volumes/repos/lab3d-sdl/build/CMakeFiles/Kens-Labyrinth.dir/Info.plist";
				INSTALL_PATH = "";
				ONLY_ACTIVE_ARCH = NO;
				OTHER_CFLAGS = (
					"-DNDEBUG",
					"$(inherited)",
				);
				OTHER_LDFLAGS = (
					"-Wl,-search_paths_first",
					"-Wl,-headerpad_max_install_names",
					"-Xlinker",
					"-framework",
					"-Xlinker",
					OpenGL,
					"-Xlinker",
					"-framework",
					"-Xlinker",
					OpenGL,
					/opt/homebrew/lib/libSDL2.dylib,
					/opt/homebrew/lib/libSDL2_image.dylib,
					/Applications/Xcode.app/Contents/Developer/Platforms/MacOSX.platform/Developer/SDKs/MacOSX13.3.sdk/usr/lib/libz.tbd,
					"-Xlinker",
					"-framework",
					"-Xlinker",
					CoreFoundation,
					"$(inherited)",
				);
				OTHER_REZFLAGS = "";
				PRODUCT_NAME = "Kens-Labyrinth";
				SECTORDER_FLAGS = "";
				TARGET_TEMP_DIR = "/Volumes/repos/lab3d-sdl/build/build/Kens-Labyrinth.build/$(CONFIGURATION)$(EFFECTIVE_PLATFORM_NAME)";
				USE_HEADERMAP = NO;
				WARNING_CFLAGS = "$(inherited)";
			};
			name = MinSizeRel;
		};
		70971EBC725840E3876A2D82 /* MinSizeRel */ = {
			isa = XCBuildConfiguration;
			buildSettings = {
				ALWAYS_SEARCH_USER_PATHS = NO;
				ARCHS = arm64;
				COMBINE_HIDPI_IMAGES = YES;
				GCC_GENERATE_DEBUGGING_SYMBOLS = YES;
				GCC_INLINES_ARE_PRIVATE_EXTERN = NO;
				GCC_OPTIMIZATION_LEVEL = 0;
				GCC_PREPROCESSOR_DEFINITIONS = (
					"'CMAKE_INTDIR=\"$(CONFIGURATION)$(EFFECTIVE_PLATFORM_NAME)\"'",
					"$(inherited)",
				);
				GCC_SYMBOLS_PRIVATE_EXTERN = NO;
				INSTALL_PATH = "";
				ONLY_ACTIVE_ARCH = NO;
				OTHER_LDFLAGS = " $(inherited)";
				OTHER_REZFLAGS = "";
				PRODUCT_NAME = ALL_BUILD;
				SECTORDER_FLAGS = "";
				USE_HEADERMAP = NO;
				WARNING_CFLAGS = "$(inherited)";
			};
			name = MinSizeRel;
		};
		71887E324B51487DAE4B4488 /* MinSizeRel */ = {
			isa = XCBuildConfiguration;
			buildSettings = {
				ALWAYS_SEARCH_USER_PATHS = NO;
				ARCHS = arm64;
				COMBINE_HIDPI_IMAGES = YES;
				GCC_GENERATE_DEBUGGING_SYMBOLS = YES;
				GCC_INLINES_ARE_PRIVATE_EXTERN = NO;
				GCC_OPTIMIZATION_LEVEL = 0;
				GCC_PREPROCESSOR_DEFINITIONS = (
					"'CMAKE_INTDIR=\"$(CONFIGURATION)$(EFFECTIVE_PLATFORM_NAME)\"'",
					"$(inherited)",
				);
				GCC_SYMBOLS_PRIVATE_EXTERN = NO;
				INSTALL_PATH = "";
				ONLY_ACTIVE_ARCH = NO;
				OTHER_LDFLAGS = " $(inherited)";
				OTHER_REZFLAGS = "";
				PRODUCT_NAME = ZERO_CHECK;
				SECTORDER_FLAGS = "";
				USE_HEADERMAP = NO;
				WARNING_CFLAGS = "$(inherited)";
			};
			name = MinSizeRel;
		};
		BA2ACEDF87874A5BA0404856 /* Debug */ = {
			isa = XCBuildConfiguration;
			buildSettings = {
				ALWAYS_SEARCH_USER_PATHS = NO;
				ARCHS = arm64;
				COMBINE_HIDPI_IMAGES = YES;
				CONFIGURATION_BUILD_DIR = "/Volumes/repos/lab3d-sdl/build/Debug";
				EXECUTABLE_PREFIX = "";
				EXECUTABLE_SUFFIX = "";
				GCC_GENERATE_DEBUGGING_SYMBOLS = YES;
				GCC_INLINES_ARE_PRIVATE_EXTERN = NO;
				GCC_OPTIMIZATION_LEVEL = 0;
				GCC_PREPROCESSOR_DEFINITIONS = (
					"'CMAKE_INTDIR=\"$(CONFIGURATION)$(EFFECTIVE_PLATFORM_NAME)\"'",
					KEN_64BIT,
					"$(inherited)",
				);
				GCC_SYMBOLS_PRIVATE_EXTERN = NO;
				HEADER_SEARCH_PATHS = (
					"/Volumes/repos/lab3d-sdl/include",
					"/Volumes/repos/lab3d-sdl/src",
					"/Volumes/repos/lab3d-sdl/external/SDL2/include",
					"/Volumes/repos/lab3d-sdl/external/SDL2_image/include",
					"/Volumes/repos/lab3d-sdl/external/zlib/include",
					/opt/X11/include,
					"$(inherited)",
				);
				INFOPLIST_FILE = "/Volumes/repos/lab3d-sdl/build/CMakeFiles/Kens-Labyrinth.dir/Info.plist";
				INSTALL_PATH = "";
				ONLY_ACTIVE_ARCH = NO;
				OTHER_CFLAGS = "    $(inherited)";
				OTHER_LDFLAGS = (
					"-Wl,-search_paths_first",
					"-Wl,-headerpad_max_install_names",
					"-Xlinker",
					"-framework",
					"-Xlinker",
					OpenGL,
					"-Xlinker",
					"-framework",
					"-Xlinker",
					OpenGL,
					/opt/homebrew/lib/libSDL2.dylib,
					/opt/homebrew/lib/libSDL2_image.dylib,
					/Applications/Xcode.app/Contents/Developer/Platforms/MacOSX.platform/Developer/SDKs/MacOSX13.3.sdk/usr/lib/libz.tbd,
					"-Xlinker",
					"-framework",
					"-Xlinker",
					CoreFoundation,
					"$(inherited)",
				);
				OTHER_REZFLAGS = "";
				PRODUCT_NAME = "Kens-Labyrinth";
				SECTORDER_FLAGS = "";
				TARGET_TEMP_DIR = "/Volumes/repos/lab3d-sdl/build/build/Kens-Labyrinth.build/$(CONFIGURATION)$(EFFECTIVE_PLATFORM_NAME)";
				USE_HEADERMAP = NO;
				WARNING_CFLAGS = "$(inherited)";
			};
			name = Debug;
		};
		CC48C3510CC4468295DB48DE /* Debug */ = {
			isa = XCBuildConfiguration;
			buildSettings = {
				ALWAYS_SEARCH_USER_PATHS = NO;
				ARCHS = arm64;
				COMBINE_HIDPI_IMAGES = YES;
				GCC_GENERATE_DEBUGGING_SYMBOLS = YES;
				GCC_INLINES_ARE_PRIVATE_EXTERN = NO;
				GCC_OPTIMIZATION_LEVEL = 0;
				GCC_PREPROCESSOR_DEFINITIONS = (
					"'CMAKE_INTDIR=\"$(CONFIGURATION)$(EFFECTIVE_PLATFORM_NAME)\"'",
					"$(inherited)",
				);
				GCC_SYMBOLS_PRIVATE_EXTERN = NO;
				INSTALL_PATH = "";
				ONLY_ACTIVE_ARCH = NO;
				OTHER_LDFLAGS = " $(inherited)";
				OTHER_REZFLAGS = "";
				PRODUCT_NAME = ZERO_CHECK;
				SECTORDER_FLAGS = "";
				USE_HEADERMAP = NO;
				WARNING_CFLAGS = "$(inherited)";
			};
			name = Debug;
		};
		D1E10C44C2314E87BBC030C3 /* RelWithDebInfo */ = {
			isa = XCBuildConfiguration;
			buildSettings = {
				ARCHS = arm64;
				SDKROOT = /Applications/Xcode.app/Contents/Developer/Platforms/MacOSX.platform/Developer/SDKs/MacOSX13.3.sdk;
				SWIFT_COMPILATION_MODE = wholemodule;
				SYMROOT = "/Volumes/repos/lab3d-sdl/build/build";
			};
			name = RelWithDebInfo;
		};
		D1E4C3633C3D4198B889323F /* RelWithDebInfo */ = {
			isa = XCBuildConfiguration;
			buildSettings = {
				ALWAYS_SEARCH_USER_PATHS = NO;
				ARCHS = arm64;
				COMBINE_HIDPI_IMAGES = YES;
				GCC_GENERATE_DEBUGGING_SYMBOLS = YES;
				GCC_INLINES_ARE_PRIVATE_EXTERN = NO;
				GCC_OPTIMIZATION_LEVEL = 0;
				GCC_PREPROCESSOR_DEFINITIONS = (
					"'CMAKE_INTDIR=\"$(CONFIGURATION)$(EFFECTIVE_PLATFORM_NAME)\"'",
					"$(inherited)",
				);
				GCC_SYMBOLS_PRIVATE_EXTERN = NO;
				INSTALL_PATH = "";
				ONLY_ACTIVE_ARCH = NO;
				OTHER_LDFLAGS = " $(inherited)";
				OTHER_REZFLAGS = "";
				PRODUCT_NAME = ALL_BUILD;
				SECTORDER_FLAGS = "";
				USE_HEADERMAP = NO;
				WARNING_CFLAGS = "$(inherited)";
			};
			name = RelWithDebInfo;
		};
		E929858EF9484B5B90C06195 /* Release */ = {
			isa = XCBuildConfiguration;
			buildSettings = {
				ARCHS = arm64;
				SDKROOT = /Applications/Xcode.app/Contents/Developer/Platforms/MacOSX.platform/Developer/SDKs/MacOSX13.3.sdk;
				SWIFT_COMPILATION_MODE = wholemodule;
				SYMROOT = "/Volumes/repos/lab3d-sdl/build/build";
			};
			name = Release;
		};
/* End XCBuildConfiguration section */

/* Begin XCConfigurationList section */
		0A54F8A807B942948EE0F757 /* Build configuration list for PBXAggregateTarget "ALL_BUILD" */ = {
			isa = XCConfigurationList;
			buildConfigurations = (
				3D4599AE38EB484F9E47072B /* Debug */,
				4FE665DE1982420D822AA9C1 /* Release */,
				70971EBC725840E3876A2D82 /* MinSizeRel */,
				D1E4C3633C3D4198B889323F /* RelWithDebInfo */,
			);
			defaultConfigurationIsVisible = 0;
			defaultConfigurationName = Debug;
		};
		9DB21A5EDA2B48DD8D4B321A /* Build configuration list for PBXNativeTarget "Kens-Labyrinth" */ = {
			isa = XCConfigurationList;
			buildConfigurations = (
				BA2ACEDF87874A5BA0404856 /* Debug */,
				457899C6215B4F8D96E1AEC4 /* Release */,
				5D28034C56074568AD6EFC88 /* MinSizeRel */,
				2018025B729F4F6784DB0C72 /* RelWithDebInfo */,
			);
			defaultConfigurationIsVisible = 0;
			defaultConfigurationName = Debug;
		};
		B51B58892576437F9D0E0132 /* Build configuration list for PBXAggregateTarget "ZERO_CHECK" */ = {
			isa = XCConfigurationList;
			buildConfigurations = (
				CC48C3510CC4468295DB48DE /* Debug */,
				3CF3F7CE8D2A4DBCAC2DFB2D /* Release */,
				71887E324B51487DAE4B4488 /* MinSizeRel */,
				529CC779E508459CB82AF320 /* RelWithDebInfo */,
			);
			defaultConfigurationIsVisible = 0;
			defaultConfigurationName = Debug;
		};
		CAA44DFBA51149B1914824A5 /* Build configuration list for PBXProject "lab3d-sdl" */ = {
			isa = XCConfigurationList;
			buildConfigurations = (
				21B3817E83494E21ACCDED51 /* Debug */,
				E929858EF9484B5B90C06195 /* Release */,
				4643B554CA4A4F998CF9CBAF /* MinSizeRel */,
				D1E10C44C2314E87BBC030C3 /* RelWithDebInfo */,
			);
			defaultConfigurationIsVisible = 0;
			defaultConfigurationName = Debug;
		};
/* End XCConfigurationList section */
	};
	rootObject = 0FD94F10E4C04365AF3102D6 /* Project object */;
}
